// !$*UTF8*$!
{
	archiveVersion = 1;
	classes = {
	};
	objectVersion = 46;
	objects = {

/* Begin PBXBuildFile section */
		855CFA071EEEB27D00ABF531 /* CalculatorBrain.swift in Sources */ = {isa = PBXBuildFile; fileRef = 855CFA061EEEB27D00ABF531 /* CalculatorBrain.swift */; };
		856BD29A1EEB6F5C001C7835 /* AppDelegate.swift in Sources */ = {isa = PBXBuildFile; fileRef = 856BD2991EEB6F5C001C7835 /* AppDelegate.swift */; };
		856BD29C1EEB6F5C001C7835 /* ViewController.swift in Sources */ = {isa = PBXBuildFile; fileRef = 856BD29B1EEB6F5C001C7835 /* ViewController.swift */; };
		856BD29F1EEB6F5C001C7835 /* Main.storyboard in Resources */ = {isa = PBXBuildFile; fileRef = 856BD29D1EEB6F5C001C7835 /* Main.storyboard */; };
		856BD2A11EEB6F5C001C7835 /* Assets.xcassets in Resources */ = {isa = PBXBuildFile; fileRef = 856BD2A01EEB6F5C001C7835 /* Assets.xcassets */; };
		856BD2A41EEB6F5C001C7835 /* LaunchScreen.storyboard in Resources */ = {isa = PBXBuildFile; fileRef = 856BD2A21EEB6F5C001C7835 /* LaunchScreen.storyboard */; };
/* End PBXBuildFile section */

/* Begin PBXFileReference section */
		855CFA061EEEB27D00ABF531 /* CalculatorBrain.swift */ = {isa = PBXFileReference; fileEncoding = 4; lastKnownFileType = sourcecode.swift; path = CalculatorBrain.swift; sourceTree = "<group>"; };
		856BD2961EEB6F5C001C7835 /* Calculator.app */ = {isa = PBXFileReference; explicitFileType = wrapper.application; includeInIndex = 0; path = Calculator.app; sourceTree = BUILT_PRODUCTS_DIR; };
		856BD2991EEB6F5C001C7835 /* AppDelegate.swift */ = {isa = PBXFileReference; lastKnownFileType = sourcecode.swift; path = AppDelegate.swift; sourceTree = "<group>"; };
		856BD29B1EEB6F5C001C7835 /* ViewController.swift */ = {isa = PBXFileReference; lastKnownFileType = sourcecode.swift; path = ViewController.swift; sourceTree = "<group>"; };
		856BD29E1EEB6F5C001C7835 /* Base */ = {isa = PBXFileReference; lastKnownFileType = file.storyboard; name = Base; path = Base.lproj/Main.storyboard; sourceTree = "<group>"; };
		856BD2A01EEB6F5C001C7835 /* Assets.xcassets */ = {isa = PBXFileReference; lastKnownFileType = folder.assetcatalog; path = Assets.xcassets; sourceTree = "<group>"; };
		856BD2A31EEB6F5C001C7835 /* Base */ = {isa = PBXFileReference; lastKnownFileType = file.storyboard; name = Base; path = Base.lproj/LaunchScreen.storyboard; sourceTree = "<group>"; };
		856BD2A51EEB6F5C001C7835 /* Info.plist */ = {isa = PBXFileReference; lastKnownFileType = text.plist.xml; path = Info.plist; sourceTree = "<group>"; };
/* End PBXFileReference section */

/* Begin PBXFrameworksBuildPhase section */
		856BD2931EEB6F5C001C7835 /* Frameworks */ = {
			isa = PBXFrameworksBuildPhase;
			buildActionMask = 2147483647;
			files = (
			);
			runOnlyForDeploymentPostprocessing = 0;
		};
/* End PBXFrameworksBuildPhase section */

/* Begin PBXGroup section */
		856BD28D1EEB6F5C001C7835 = {
			isa = PBXGroup;
			children = (
				856BD2981EEB6F5C001C7835 /* Calculator */,
				856BD2971EEB6F5C001C7835 /* Products */,
			);
			sourceTree = "<group>";
		};
		856BD2971EEB6F5C001C7835 /* Products */ = {
			isa = PBXGroup;
			children = (
				856BD2961EEB6F5C001C7835 /* Calculator.app */,
			);
			name = Products;
			sourceTree = "<group>";
		};
		856BD2981EEB6F5C001C7835 /* Calculator */ = {
			isa = PBXGroup;
			children = (
				85B2EC2F1EEC0B6E008B6D5E /* Supporting Files */,
				856BD29B1EEB6F5C001C7835 /* ViewController.swift */,
				856BD29D1EEB6F5C001C7835 /* Main.storyboard */,
				855CFA061EEEB27D00ABF531 /* CalculatorBrain.swift */,
			);
			path = Calculator;
			sourceTree = "<group>";
		};
		85B2EC2F1EEC0B6E008B6D5E /* Supporting Files */ = {
			isa = PBXGroup;
			children = (
				856BD2991EEB6F5C001C7835 /* AppDelegate.swift */,
				856BD2A01EEB6F5C001C7835 /* Assets.xcassets */,
				856BD2A21EEB6F5C001C7835 /* LaunchScreen.storyboard */,
				856BD2A51EEB6F5C001C7835 /* Info.plist */,
			);
			name = "Supporting Files";
			sourceTree = "<group>";
		};
/* End PBXGroup section */

/* Begin PBXNativeTarget section */
		856BD2951EEB6F5C001C7835 /* Calculator */ = {
			isa = PBXNativeTarget;
			buildConfigurationList = 856BD2A81EEB6F5C001C7835 /* Build configuration list for PBXNativeTarget "Calculator" */;
			buildPhases = (
				856BD2921EEB6F5C001C7835 /* Sources */,
				856BD2931EEB6F5C001C7835 /* Frameworks */,
				856BD2941EEB6F5C001C7835 /* Resources */,
			);
			buildRules = (
			);
			dependencies = (
			);
			name = Calculator;
			productName = Calculator;
			productReference = 856BD2961EEB6F5C001C7835 /* Calculator.app */;
			productType = "com.apple.product-type.application";
		};
/* End PBXNativeTarget section */

/* Begin PBXProject section */
		856BD28E1EEB6F5C001C7835 /* Project object */ = {
			isa = PBXProject;
			attributes = {
				LastSwiftUpdateCheck = 0830;
				LastUpgradeCheck = 0830;
				ORGANIZATIONNAME = "Anky An";
				TargetAttributes = {
					856BD2951EEB6F5C001C7835 = {
						CreatedOnToolsVersion = 8.3.3;
						ProvisioningStyle = Automatic;
					};
				};
			};
			buildConfigurationList = 856BD2911EEB6F5C001C7835 /* Build configuration list for PBXProject "Calculator" */;
			compatibilityVersion = "Xcode 3.2";
			developmentRegion = English;
			hasScannedForEncodings = 0;
			knownRegions = (
				en,
				Base,
			);
			mainGroup = 856BD28D1EEB6F5C001C7835;
			productRefGroup = 856BD2971EEB6F5C001C7835 /* Products */;
			projectDirPath = "";
			projectRoot = "";
			targets = (
				856BD2951EEB6F5C001C7835 /* Calculator */,
			);
		};
/* End PBXProject section */

/* Begin PBXResourcesBuildPhase section */
		856BD2941EEB6F5C001C7835 /* Resources */ = {
			isa = PBXResourcesBuildPhase;
			buildActionMask = 2147483647;
			files = (
				856BD2A41EEB6F5C001C7835 /* LaunchScreen.storyboard in Resources */,
				856BD2A11EEB6F5C001C7835 /* Assets.xcassets in Resources */,
				856BD29F1EEB6F5C001C7835 /* Main.storyboard in Resources */,
			);
			runOnlyForDeploymentPostprocessing = 0;
		};
/* End PBXResourcesBuildPhase section */

/* Begin PBXSourcesBuildPhase section */
		856BD2921EEB6F5C001C7835 /* Sources */ = {
			isa = PBXSourcesBuildPhase;
			buildActionMask = 2147483647;
			files = (
				855CFA071EEEB27D00ABF531 /* CalculatorBrain.swift in Sources */,
				856BD29C1EEB6F5C001C7835 /* ViewController.swift in Sources */,
				856BD29A1EEB6F5C001C7835 /* AppDelegate.swift in Sources */,
			);
			runOnlyForDeploymentPostprocessing = 0;
		};
/* End PBXSourcesBuildPhase section */

/* Begin PBXVariantGroup section */
		856BD29D1EEB6F5C001C7835 /* Main.storyboard */ = {
			isa = PBXVariantGroup;
			children = (
				856BD29E1EEB6F5C001C7835 /* Base */,
			);
			name = Main.storyboard;
			sourceTree = "<group>";
		};
		856BD2A21EEB6F5C001C7835 /* LaunchScreen.storyboard */ = {
			isa = PBXVariantGroup;
			children = (
				856BD2A31EEB6F5C001C7835 /* Base */,
			);
			name = LaunchScreen.storyboard;
			sourceTree = "<group>";
		};
/* End PBXVariantGroup section */

/* Begin XCBuildConfiguration section */
		856BD2A61EEB6F5C001C7835 /* Debug */ = {
			isa = XCBuildConfiguration;
			buildSettings = {
				ALWAYS_SEARCH_USER_PATHS = NO;
				CLANG_ANALYZER_NONNULL = YES;
				CLANG_ANALYZER_NUMBER_OBJECT_CONVERSION = YES_AGGRESSIVE;
				CLANG_CXX_LANGUAGE_STANDARD = "gnu++0x";
				CLANG_CXX_LIBRARY = "libc++";
				CLANG_ENABLE_MODULES = YES;
				CLANG_ENABLE_OBJC_ARC = YES;
				CLANG_WARN_BOOL_CONVERSION = YES;
				CLANG_WARN_CONSTANT_CONVERSION = YES;
				CLANG_WARN_DIRECT_OBJC_ISA_USAGE = YES_ERROR;
				CLANG_WARN_DOCUMENTATION_COMMENTS = YES;
				CLANG_WARN_EMPTY_BODY = YES;
				CLANG_WARN_ENUM_CONVERSION = YES;
				CLANG_WARN_INFINITE_RECURSION = YES;
				CLANG_WARN_INT_CONVERSION = YES;
				CLANG_WARN_OBJC_ROOT_CLASS = YES_ERROR;
				CLANG_WARN_SUSPICIOUS_MOVE = YES;
				CLANG_WARN_UNREACHABLE_CODE = YES;
				CLANG_WARN__DUPLICATE_METHOD_MATCH = YES;
				"CODE_SIGN_IDENTITY[sdk=iphoneos*]" = "iPhone Developer";
				COPY_PHASE_STRIP = NO;
				DEBUG_INFORMATION_FORMAT = dwarf;
				ENABLE_STRICT_OBJC_MSGSEND = YES;
				ENABLE_TESTABILITY = YES;
				GCC_C_LANGUAGE_STANDARD = gnu99;
				GCC_DYNAMIC_NO_PIC = NO;
				GCC_NO_COMMON_BLOCKS = YES;
				GCC_OPTIMIZATION_LEVEL = 0;
				GCC_PREPROCESSOR_DEFINITIONS = (
					"DEBUG=1",
					"$(inherited)",
				);
				GCC_WARN_64_TO_32_BIT_CONVERSION = YES;
				GCC_WARN_ABOUT_RETURN_TYPE = YES_ERROR;
				GCC_WARN_UNDECLARED_SELECTOR = YES;
				GCC_WARN_UNINITIALIZED_AUTOS = YES_AGGRESSIVE;
				GCC_WARN_UNUSED_FUNCTION = YES;
				GCC_WARN_UNUSED_VARIABLE = YES;
				IPHONEOS_DEPLOYMENT_TARGET = 10.3;
				MTL_ENABLE_DEBUG_INFO = YES;
				ONLY_ACTIVE_ARCH = YES;
				SDKROOT = iphoneos;
				SWIFT_ACTIVE_COMPILATION_CONDITIONS = DEBUG;
				SWIFT_OPTIMIZATION_LEVEL = "-Onone";
				TARGETED_DEVICE_FAMILY = "1,2";
			};
			name = Debug;
		};
		856BD2A71EEB6F5C001C7835 /* Release */ = {
			isa = XCBuildConfiguration;
			buildSettings = {
				ALWAYS_SEARCH_USER_PATHS = NO;
				CLANG_ANALYZER_NONNULL = YES;
				CLANG_ANALYZER_NUMBER_OBJECT_CONVERSION = YES_AGGRESSIVE;
				CLANG_CXX_LANGUAGE_STANDARD = "gnu++0x";
				CLANG_CXX_LIBRARY = "libc++";
				CLANG_ENABLE_MODULES = YES;
				CLANG_ENABLE_OBJC_ARC = YES;
				CLANG_WARN_BOOL_CONVERSION = YES;
				CLANG_WARN_CONSTANT_CONVERSION = YES;
				CLANG_WARN_DIRECT_OBJC_ISA_USAGE = YES_ERROR;
				CLANG_WARN_DOCUMENTATION_COMMENTS = YES;
				CLANG_WARN_EMPTY_BODY = YES;
				CLANG_WARN_ENUM_CONVERSION = YES;
				CLANG_WARN_INFINITE_RECURSION = YES;
				CLANG_WARN_INT_CONVERSION = YES;
				CLANG_WARN_OBJC_ROOT_CLASS = YES_ERROR;
				CLANG_WARN_SUSPICIOUS_MOVE = YES;
				CLANG_WARN_UNREACHABLE_CODE = YES;
				CLANG_WARN__DUPLICATE_METHOD_MATCH = YES;
				"CODE_SIGN_IDENTITY[sdk=iphoneos*]" = "iPhone Developer";
				COPY_PHASE_STRIP = NO;
				DEBUG_INFORMATION_FORMAT = "dwarf-with-dsym";
				ENABLE_NS_ASSERTIONS = NO;
				ENABLE_STRICT_OBJC_MSGSEND = YES;
				GCC_C_LANGUAGE_STANDARD = gnu99;
				GCC_NO_COMMON_BLOCKS = YES;
				GCC_WARN_64_TO_32_BIT_CONVERSION = YES;
				GCC_WARN_ABOUT_RETURN_TYPE = YES_ERROR;
				GCC_WARN_UNDECLARED_SELECTOR = YES;
				GCC_WARN_UNINITIALIZED_AUTOS = YES_AGGRESSIVE;
				GCC_WARN_UNUSED_FUNCTION = YES;
				GCC_WARN_UNUSED_VARIABLE = YES;
				IPHONEOS_DEPLOYMENT_TARGET = 10.3;
				MTL_ENABLE_DEBUG_INFO = NO;
				SDKROOT = iphoneos;
				SWIFT_OPTIMIZATION_LEVEL = "-Owholemodule";
				TARGETED_DEVICE_FAMILY = "1,2";
				VALIDATE_PRODUCT = YES;
			};
			name = Release;
		};
		856BD2A91EEB6F5C001C7835 /* Debug */ = {
			isa = XCBuildConfiguration;
			buildSettings = {
				ASSETCATALOG_COMPILER_APPICON_NAME = AppIcon;
				INFOPLIST_FILE = Calculator/Info.plist;
				LD_RUNPATH_SEARCH_PATHS = "$(inherited) @executable_path/Frameworks";
				PRODUCT_BUNDLE_IDENTIFIER = me.anky.Calculator;
				PRODUCT_NAME = "$(TARGET_NAME)";
				SWIFT_VERSION = 3.0;
			};
			name = Debug;
		};
		856BD2AA1EEB6F5C001C7835 /* Release */ = {
			isa = XCBuildConfiguration;
			buildSettings = {
				ASSETCATALOG_COMPILER_APPICON_NAME = AppIcon;
				INFOPLIST_FILE = Calculator/Info.plist;
				LD_RUNPATH_SEARCH_PATHS = "$(inherited) @executable_path/Frameworks";
				PRODUCT_BUNDLE_IDENTIFIER = me.anky.Calculator;
				PRODUCT_NAME = "$(TARGET_NAME)";
				SWIFT_VERSION = 3.0;
			};
			name = Release;
		};
/* End XCBuildConfiguration section */

/* Begin XCConfigurationList section */
		856BD2911EEB6F5C001C7835 /* Build configuration list for PBXProject "Calculator" */ = {
			isa = XCConfigurationList;
			buildConfigurations = (
				856BD2A61EEB6F5C001C7835 /* Debug */,
				856BD2A71EEB6F5C001C7835 /* Release */,
			);
			defaultConfigurationIsVisible = 0;
			defaultConfigurationName = Release;
		};
		856BD2A81EEB6F5C001C7835 /* Build configuration list for PBXNativeTarget "Calculator" */ = {
			isa = XCConfigurationList;
			buildConfigurations = (
				856BD2A91EEB6F5C001C7835 /* Debug */,
				856BD2AA1EEB6F5C001C7835 /* Release */,
			);
			defaultConfigurationIsVisible = 0;
			defaultConfigurationName = Release;
		};
/* End XCConfigurationList section */
	};
	rootObject = 856BD28E1EEB6F5C001C7835 /* Project object */;
}
